// !$*UTF8*$!
{
	archiveVersion = 1;
	classes = {
	};
	objectVersion = 50;
	objects = {

/* Begin PBXBuildFile section */
		2947D1E3220152DD00E1219B /* AppDelegate.m in Sources */ = {isa = PBXBuildFile; fileRef = 2947D1E2220152DD00E1219B /* AppDelegate.m */; };
		2947D1E6220152DD00E1219B /* ViewController.m in Sources */ = {isa = PBXBuildFile; fileRef = 2947D1E5220152DD00E1219B /* ViewController.m */; };
		2947D1E9220152DD00E1219B /* Main.storyboard in Resources */ = {isa = PBXBuildFile; fileRef = 2947D1E7220152DD00E1219B /* Main.storyboard */; };
		2947D1EB220152DE00E1219B /* Assets.xcassets in Resources */ = {isa = PBXBuildFile; fileRef = 2947D1EA220152DE00E1219B /* Assets.xcassets */; };
		2947D1EE220152DE00E1219B /* LaunchScreen.storyboard in Resources */ = {isa = PBXBuildFile; fileRef = 2947D1EC220152DE00E1219B /* LaunchScreen.storyboard */; };
		2947D1F1220152DE00E1219B /* main.m in Sources */ = {isa = PBXBuildFile; fileRef = 2947D1F0220152DE00E1219B /* main.m */; };
		2947D1FB220152DE00E1219B /* ScrollMapTests.m in Sources */ = {isa = PBXBuildFile; fileRef = 2947D1FA220152DE00E1219B /* ScrollMapTests.m */; };
		2947D206220152DE00E1219B /* ScrollMapUITests.m in Sources */ = {isa = PBXBuildFile; fileRef = 2947D205220152DE00E1219B /* ScrollMapUITests.m */; };
		2947D2152201541500E1219B /* CWMapView.m in Sources */ = {isa = PBXBuildFile; fileRef = 2947D2142201541500E1219B /* CWMapView.m */; };
		9E94DCD02F4C9CC6614FA066 /* Pods_ScrollMap.framework in Frameworks */ = {isa = PBXBuildFile; fileRef = 68EE3B66CB0DED9CD535088B /* Pods_ScrollMap.framework */; };
/* End PBXBuildFile section */

/* Begin PBXContainerItemProxy section */
		2947D1F7220152DE00E1219B /* PBXContainerItemProxy */ = {
			isa = PBXContainerItemProxy;
			containerPortal = 2947D1D6220152DC00E1219B /* Project object */;
			proxyType = 1;
			remoteGlobalIDString = 2947D1DD220152DC00E1219B;
			remoteInfo = ScrollMap;
		};
		2947D202220152DE00E1219B /* PBXContainerItemProxy */ = {
			isa = PBXContainerItemProxy;
			containerPortal = 2947D1D6220152DC00E1219B /* Project object */;
			proxyType = 1;
			remoteGlobalIDString = 2947D1DD220152DC00E1219B;
			remoteInfo = ScrollMap;
		};
/* End PBXContainerItemProxy section */

/* Begin PBXFileReference section */
		106A7DE84AE037BC1D11F599 /* Pods-ScrollMap.release.xcconfig */ = {isa = PBXFileReference; includeInIndex = 1; lastKnownFileType = text.xcconfig; name = "Pods-ScrollMap.release.xcconfig"; path = "Pods/Target Support Files/Pods-ScrollMap/Pods-ScrollMap.release.xcconfig"; sourceTree = "<group>"; };
		1C66372CB6C00EFEB891BC4D /* Pods-ScrollMap.debug.xcconfig */ = {isa = PBXFileReference; includeInIndex = 1; lastKnownFileType = text.xcconfig; name = "Pods-ScrollMap.debug.xcconfig"; path = "Pods/Target Support Files/Pods-ScrollMap/Pods-ScrollMap.debug.xcconfig"; sourceTree = "<group>"; };
		2947D1DE220152DC00E1219B /* ScrollMap.app */ = {isa = PBXFileReference; explicitFileType = wrapper.application; includeInIndex = 0; path = ScrollMap.app; sourceTree = BUILT_PRODUCTS_DIR; };
		2947D1E1220152DC00E1219B /* AppDelegate.h */ = {isa = PBXFileReference; lastKnownFileType = sourcecode.c.h; path = AppDelegate.h; sourceTree = "<group>"; };
		2947D1E2220152DD00E1219B /* AppDelegate.m */ = {isa = PBXFileReference; lastKnownFileType = sourcecode.c.objc; path = AppDelegate.m; sourceTree = "<group>"; };
		2947D1E4220152DD00E1219B /* ViewController.h */ = {isa = PBXFileReference; lastKnownFileType = sourcecode.c.h; path = ViewController.h; sourceTree = "<group>"; };
		2947D1E5220152DD00E1219B /* ViewController.m */ = {isa = PBXFileReference; lastKnownFileType = sourcecode.c.objc; path = ViewController.m; sourceTree = "<group>"; };
		2947D1E8220152DD00E1219B /* Base */ = {isa = PBXFileReference; lastKnownFileType = file.storyboard; name = Base; path = Base.lproj/Main.storyboard; sourceTree = "<group>"; };
		2947D1EA220152DE00E1219B /* Assets.xcassets */ = {isa = PBXFileReference; lastKnownFileType = folder.assetcatalog; path = Assets.xcassets; sourceTree = "<group>"; };
		2947D1ED220152DE00E1219B /* Base */ = {isa = PBXFileReference; lastKnownFileType = file.storyboard; name = Base; path = Base.lproj/LaunchScreen.storyboard; sourceTree = "<group>"; };
		2947D1EF220152DE00E1219B /* Info.plist */ = {isa = PBXFileReference; lastKnownFileType = text.plist.xml; path = Info.plist; sourceTree = "<group>"; };
		2947D1F0220152DE00E1219B /* main.m */ = {isa = PBXFileReference; lastKnownFileType = sourcecode.c.objc; path = main.m; sourceTree = "<group>"; };
		2947D1F6220152DE00E1219B /* ScrollMapTests.xctest */ = {isa = PBXFileReference; explicitFileType = wrapper.cfbundle; includeInIndex = 0; path = ScrollMapTests.xctest; sourceTree = BUILT_PRODUCTS_DIR; };
		2947D1FA220152DE00E1219B /* ScrollMapTests.m */ = {isa = PBXFileReference; lastKnownFileType = sourcecode.c.objc; path = ScrollMapTests.m; sourceTree = "<group>"; };
		2947D1FC220152DE00E1219B /* Info.plist */ = {isa = PBXFileReference; lastKnownFileType = text.plist.xml; path = Info.plist; sourceTree = "<group>"; };
		2947D201220152DE00E1219B /* ScrollMapUITests.xctest */ = {isa = PBXFileReference; explicitFileType = wrapper.cfbundle; includeInIndex = 0; path = ScrollMapUITests.xctest; sourceTree = BUILT_PRODUCTS_DIR; };
		2947D205220152DE00E1219B /* ScrollMapUITests.m */ = {isa = PBXFileReference; lastKnownFileType = sourcecode.c.objc; path = ScrollMapUITests.m; sourceTree = "<group>"; };
		2947D207220152DE00E1219B /* Info.plist */ = {isa = PBXFileReference; lastKnownFileType = text.plist.xml; path = Info.plist; sourceTree = "<group>"; };
		2947D2132201541500E1219B /* CWMapView.h */ = {isa = PBXFileReference; lastKnownFileType = sourcecode.c.h; path = CWMapView.h; sourceTree = "<group>"; };
		2947D2142201541500E1219B /* CWMapView.m */ = {isa = PBXFileReference; lastKnownFileType = sourcecode.c.objc; path = CWMapView.m; sourceTree = "<group>"; };
		68EE3B66CB0DED9CD535088B /* Pods_ScrollMap.framework */ = {isa = PBXFileReference; explicitFileType = wrapper.framework; includeInIndex = 0; path = Pods_ScrollMap.framework; sourceTree = BUILT_PRODUCTS_DIR; };
/* End PBXFileReference section */

/* Begin PBXFrameworksBuildPhase section */
		2947D1DB220152DC00E1219B /* Frameworks */ = {
			isa = PBXFrameworksBuildPhase;
			buildActionMask = 2147483647;
			files = (
				9E94DCD02F4C9CC6614FA066 /* Pods_ScrollMap.framework in Frameworks */,
			);
			runOnlyForDeploymentPostprocessing = 0;
		};
		2947D1F3220152DE00E1219B /* Frameworks */ = {
			isa = PBXFrameworksBuildPhase;
			buildActionMask = 2147483647;
			files = (
			);
			runOnlyForDeploymentPostprocessing = 0;
		};
		2947D1FE220152DE00E1219B /* Frameworks */ = {
			isa = PBXFrameworksBuildPhase;
			buildActionMask = 2147483647;
			files = (
			);
			runOnlyForDeploymentPostprocessing = 0;
		};
/* End PBXFrameworksBuildPhase section */

/* Begin PBXGroup section */
		2947D1D5220152DC00E1219B = {
			isa = PBXGroup;
			children = (
				2947D1E0220152DC00E1219B /* ScrollMap */,
				2947D1F9220152DE00E1219B /* ScrollMapTests */,
				2947D204220152DE00E1219B /* ScrollMapUITests */,
				2947D1DF220152DC00E1219B /* Products */,
				BB534A7200143DE5A2911B19 /* Pods */,
				E67E86B21AE8A6D2772D6FD8 /* Frameworks */,
			);
			sourceTree = "<group>";
		};
		2947D1DF220152DC00E1219B /* Products */ = {
			isa = PBXGroup;
			children = (
				2947D1DE220152DC00E1219B /* ScrollMap.app */,
				2947D1F6220152DE00E1219B /* ScrollMapTests.xctest */,
				2947D201220152DE00E1219B /* ScrollMapUITests.xctest */,
			);
			name = Products;
			sourceTree = "<group>";
		};
		2947D1E0220152DC00E1219B /* ScrollMap */ = {
			isa = PBXGroup;
			children = (
				2947D1E1220152DC00E1219B /* AppDelegate.h */,
				2947D1E2220152DD00E1219B /* AppDelegate.m */,
				2947D1E4220152DD00E1219B /* ViewController.h */,
				2947D1E5220152DD00E1219B /* ViewController.m */,
				2947D1E7220152DD00E1219B /* Main.storyboard */,
				2947D1EA220152DE00E1219B /* Assets.xcassets */,
				2947D1EC220152DE00E1219B /* LaunchScreen.storyboard */,
				2947D1EF220152DE00E1219B /* Info.plist */,
				2947D1F0220152DE00E1219B /* main.m */,
				2947D2132201541500E1219B /* CWMapView.h */,
				2947D2142201541500E1219B /* CWMapView.m */,
			);
			path = ScrollMap;
			sourceTree = "<group>";
		};
		2947D1F9220152DE00E1219B /* ScrollMapTests */ = {
			isa = PBXGroup;
			children = (
				2947D1FA220152DE00E1219B /* ScrollMapTests.m */,
				2947D1FC220152DE00E1219B /* Info.plist */,
			);
			path = ScrollMapTests;
			sourceTree = "<group>";
		};
		2947D204220152DE00E1219B /* ScrollMapUITests */ = {
			isa = PBXGroup;
			children = (
				2947D205220152DE00E1219B /* ScrollMapUITests.m */,
				2947D207220152DE00E1219B /* Info.plist */,
			);
			path = ScrollMapUITests;
			sourceTree = "<group>";
		};
		BB534A7200143DE5A2911B19 /* Pods */ = {
			isa = PBXGroup;
			children = (
				1C66372CB6C00EFEB891BC4D /* Pods-ScrollMap.debug.xcconfig */,
				106A7DE84AE037BC1D11F599 /* Pods-ScrollMap.release.xcconfig */,
			);
			name = Pods;
			sourceTree = "<group>";
		};
		E67E86B21AE8A6D2772D6FD8 /* Frameworks */ = {
			isa = PBXGroup;
			children = (
				68EE3B66CB0DED9CD535088B /* Pods_ScrollMap.framework */,
			);
			name = Frameworks;
			sourceTree = "<group>";
		};
/* End PBXGroup section */

/* Begin PBXNativeTarget section */
		2947D1DD220152DC00E1219B /* ScrollMap */ = {
			isa = PBXNativeTarget;
			buildConfigurationList = 2947D20A220152DE00E1219B /* Build configuration list for PBXNativeTarget "ScrollMap" */;
			buildPhases = (
				0CD435054B3FBDABF1590CF9 /* [CP] Check Pods Manifest.lock */,
				2947D1DA220152DC00E1219B /* Sources */,
				2947D1DB220152DC00E1219B /* Frameworks */,
				2947D1DC220152DC00E1219B /* Resources */,
			);
			buildRules = (
			);
			dependencies = (
			);
			name = ScrollMap;
			productName = ScrollMap;
			productReference = 2947D1DE220152DC00E1219B /* ScrollMap.app */;
			productType = "com.apple.product-type.application";
		};
		2947D1F5220152DE00E1219B /* ScrollMapTests */ = {
			isa = PBXNativeTarget;
			buildConfigurationList = 2947D20D220152DE00E1219B /* Build configuration list for PBXNativeTarget "ScrollMapTests" */;
			buildPhases = (
				2947D1F2220152DE00E1219B /* Sources */,
				2947D1F3220152DE00E1219B /* Frameworks */,
				2947D1F4220152DE00E1219B /* Resources */,
			);
			buildRules = (
			);
			dependencies = (
				2947D1F8220152DE00E1219B /* PBXTargetDependency */,
			);
			name = ScrollMapTests;
			productName = ScrollMapTests;
			productReference = 2947D1F6220152DE00E1219B /* ScrollMapTests.xctest */;
			productType = "com.apple.product-type.bundle.unit-test";
		};
		2947D200220152DE00E1219B /* ScrollMapUITests */ = {
			isa = PBXNativeTarget;
			buildConfigurationList = 2947D210220152DE00E1219B /* Build configuration list for PBXNativeTarget "ScrollMapUITests" */;
			buildPhases = (
				2947D1FD220152DE00E1219B /* Sources */,
				2947D1FE220152DE00E1219B /* Frameworks */,
				2947D1FF220152DE00E1219B /* Resources */,
			);
			buildRules = (
			);
			dependencies = (
				2947D203220152DE00E1219B /* PBXTargetDependency */,
			);
			name = ScrollMapUITests;
			productName = ScrollMapUITests;
			productReference = 2947D201220152DE00E1219B /* ScrollMapUITests.xctest */;
			productType = "com.apple.product-type.bundle.ui-testing";
		};
/* End PBXNativeTarget section */

/* Begin PBXProject section */
		2947D1D6220152DC00E1219B /* Project object */ = {
			isa = PBXProject;
			attributes = {
				LastUpgradeCheck = 0940;
				ORGANIZATIONNAME = kevin.chen;
				TargetAttributes = {
					2947D1DD220152DC00E1219B = {
						CreatedOnToolsVersion = 9.4.1;
					};
					2947D1F5220152DE00E1219B = {
						CreatedOnToolsVersion = 9.4.1;
						TestTargetID = 2947D1DD220152DC00E1219B;
					};
					2947D200220152DE00E1219B = {
						CreatedOnToolsVersion = 9.4.1;
						TestTargetID = 2947D1DD220152DC00E1219B;
					};
				};
			};
			buildConfigurationList = 2947D1D9220152DC00E1219B /* Build configuration list for PBXProject "ScrollMap" */;
			compatibilityVersion = "Xcode 9.3";
			developmentRegion = en;
			hasScannedForEncodings = 0;
			knownRegions = (
				en,
				Base,
			);
			mainGroup = 2947D1D5220152DC00E1219B;
			productRefGroup = 2947D1DF220152DC00E1219B /* Products */;
			projectDirPath = "";
			projectRoot = "";
			targets = (
				2947D1DD220152DC00E1219B /* ScrollMap */,
				2947D1F5220152DE00E1219B /* ScrollMapTests */,
				2947D200220152DE00E1219B /* ScrollMapUITests */,
			);
		};
/* End PBXProject section */

/* Begin PBXResourcesBuildPhase section */
		2947D1DC220152DC00E1219B /* Resources */ = {
			isa = PBXResourcesBuildPhase;
			buildActionMask = 2147483647;
			files = (
				2947D1EE220152DE00E1219B /* LaunchScreen.storyboard in Resources */,
				2947D1EB220152DE00E1219B /* Assets.xcassets in Resources */,
				2947D1E9220152DD00E1219B /* Main.storyboard in Resources */,
			);
			runOnlyForDeploymentPostprocessing = 0;
		};
		2947D1F4220152DE00E1219B /* Resources */ = {
			isa = PBXResourcesBuildPhase;
			buildActionMask = 2147483647;
			files = (
			);
			runOnlyForDeploymentPostprocessing = 0;
		};
		2947D1FF220152DE00E1219B /* Resources */ = {
			isa = PBXResourcesBuildPhase;
			buildActionMask = 2147483647;
			files = (
			);
			runOnlyForDeploymentPostprocessing = 0;
		};
/* End PBXResourcesBuildPhase section */

/* Begin PBXShellScriptBuildPhase section */
		0CD435054B3FBDABF1590CF9 /* [CP] Check Pods Manifest.lock */ = {
			isa = PBXShellScriptBuildPhase;
			buildActionMask = 2147483647;
			files = (
			);
			inputPaths = (
				"${PODS_PODFILE_DIR_PATH}/Podfile.lock",
				"${PODS_ROOT}/Manifest.lock",
			);
			name = "[CP] Check Pods Manifest.lock";
			outputPaths = (
				"$(DERIVED_FILE_DIR)/Pods-ScrollMap-checkManifestLockResult.txt",
			);
			runOnlyForDeploymentPostprocessing = 0;
			shellPath = /bin/sh;
			shellScript = "diff \"${PODS_PODFILE_DIR_PATH}/Podfile.lock\" \"${PODS_ROOT}/Manifest.lock\" > /dev/null\nif [ $? != 0 ] ; then\n    # print error to STDERR\n    echo \"error: The sandbox is not in sync with the Podfile.lock. Run 'pod install' or update your CocoaPods installation.\" >&2\n    exit 1\nfi\n# This output is used by Xcode 'outputs' to avoid re-running this script phase.\necho \"SUCCESS\" > \"${SCRIPT_OUTPUT_FILE_0}\"\n";
			showEnvVarsInLog = 0;
		};
/* End PBXShellScriptBuildPhase section */

/* Begin PBXSourcesBuildPhase section */
		2947D1DA220152DC00E1219B /* Sources */ = {
			isa = PBXSourcesBuildPhase;
			buildActionMask = 2147483647;
			files = (
				2947D1E6220152DD00E1219B /* ViewController.m in Sources */,
				2947D2152201541500E1219B /* CWMapView.m in Sources */,
				2947D1F1220152DE00E1219B /* main.m in Sources */,
				2947D1E3220152DD00E1219B /* AppDelegate.m in Sources */,
			);
			runOnlyForDeploymentPostprocessing = 0;
		};
		2947D1F2220152DE00E1219B /* Sources */ = {
			isa = PBXSourcesBuildPhase;
			buildActionMask = 2147483647;
			files = (
				2947D1FB220152DE00E1219B /* ScrollMapTests.m in Sources */,
			);
			runOnlyForDeploymentPostprocessing = 0;
		};
		2947D1FD220152DE00E1219B /* Sources */ = {
			isa = PBXSourcesBuildPhase;
			buildActionMask = 2147483647;
			files = (
				2947D206220152DE00E1219B /* ScrollMapUITests.m in Sources */,
			);
			runOnlyForDeploymentPostprocessing = 0;
		};
/* End PBXSourcesBuildPhase section */

/* Begin PBXTargetDependency section */
		2947D1F8220152DE00E1219B /* PBXTargetDependency */ = {
			isa = PBXTargetDependency;
			target = 2947D1DD220152DC00E1219B /* ScrollMap */;
			targetProxy = 2947D1F7220152DE00E1219B /* PBXContainerItemProxy */;
		};
		2947D203220152DE00E1219B /* PBXTargetDependency */ = {
			isa = PBXTargetDependency;
			target = 2947D1DD220152DC00E1219B /* ScrollMap */;
			targetProxy = 2947D202220152DE00E1219B /* PBXContainerItemProxy */;
		};
/* End PBXTargetDependency section */

/* Begin PBXVariantGroup section */
		2947D1E7220152DD00E1219B /* Main.storyboard */ = {
			isa = PBXVariantGroup;
			children = (
				2947D1E8220152DD00E1219B /* Base */,
			);
			name = Main.storyboard;
			sourceTree = "<group>";
		};
		2947D1EC220152DE00E1219B /* LaunchScreen.storyboard */ = {
			isa = PBXVariantGroup;
			children = (
				2947D1ED220152DE00E1219B /* Base */,
			);
			name = LaunchScreen.storyboard;
			sourceTree = "<group>";
		};
/* End PBXVariantGroup section */

/* Begin XCBuildConfiguration section */
		2947D208220152DE00E1219B /* Debug */ = {
			isa = XCBuildConfiguration;
			buildSettings = {
				ALWAYS_SEARCH_USER_PATHS = NO;
				CLANG_ANALYZER_NONNULL = YES;
				CLANG_ANALYZER_NUMBER_OBJECT_CONVERSION = YES_AGGRESSIVE;
				CLANG_CXX_LANGUAGE_STANDARD = "gnu++14";
				CLANG_CXX_LIBRARY = "libc++";
				CLANG_ENABLE_MODULES = YES;
				CLANG_ENABLE_OBJC_ARC = YES;
				CLANG_ENABLE_OBJC_WEAK = YES;
				CLANG_WARN_BLOCK_CAPTURE_AUTORELEASING = YES;
				CLANG_WARN_BOOL_CONVERSION = YES;
				CLANG_WARN_COMMA = YES;
				CLANG_WARN_CONSTANT_CONVERSION = YES;
				CLANG_WARN_DEPRECATED_OBJC_IMPLEMENTATIONS = YES;
				CLANG_WARN_DIRECT_OBJC_ISA_USAGE = YES_ERROR;
				CLANG_WARN_DOCUMENTATION_COMMENTS = YES;
				CLANG_WARN_EMPTY_BODY = YES;
				CLANG_WARN_ENUM_CONVERSION = YES;
				CLANG_WARN_INFINITE_RECURSION = YES;
				CLANG_WARN_INT_CONVERSION = YES;
				CLANG_WARN_NON_LITERAL_NULL_CONVERSION = YES;
				CLANG_WARN_OBJC_IMPLICIT_RETAIN_SELF = YES;
				CLANG_WARN_OBJC_LITERAL_CONVERSION = YES;
				CLANG_WARN_OBJC_ROOT_CLASS = YES_ERROR;
				CLANG_WARN_RANGE_LOOP_ANALYSIS = YES;
				CLANG_WARN_STRICT_PROTOTYPES = YES;
				CLANG_WARN_SUSPICIOUS_MOVE = YES;
				CLANG_WARN_UNGUARDED_AVAILABILITY = YES_AGGRESSIVE;
				CLANG_WARN_UNREACHABLE_CODE = YES;
				CLANG_WARN__DUPLICATE_METHOD_MATCH = YES;
				CODE_SIGN_IDENTITY = "iPhone Developer";
				COPY_PHASE_STRIP = NO;
				DEBUG_INFORMATION_FORMAT = dwarf;
				ENABLE_STRICT_OBJC_MSGSEND = YES;
				ENABLE_TESTABILITY = YES;
				GCC_C_LANGUAGE_STANDARD = gnu11;
				GCC_DYNAMIC_NO_PIC = NO;
				GCC_NO_COMMON_BLOCKS = YES;
				GCC_OPTIMIZATION_LEVEL = 0;
				GCC_PREPROCESSOR_DEFINITIONS = (
					"DEBUG=1",
					"$(inherited)",
				);
				GCC_WARN_64_TO_32_BIT_CONVERSION = YES;
				GCC_WARN_ABOUT_RETURN_TYPE = YES_ERROR;
				GCC_WARN_UNDECLARED_SELECTOR = YES;
				GCC_WARN_UNINITIALIZED_AUTOS = YES_AGGRESSIVE;
				GCC_WARN_UNUSED_FUNCTION = YES;
				GCC_WARN_UNUSED_VARIABLE = YES;
				IPHONEOS_DEPLOYMENT_TARGET = 11.4;
				MTL_ENABLE_DEBUG_INFO = YES;
				ONLY_ACTIVE_ARCH = YES;
				SDKROOT = iphoneos;
			};
			name = Debug;
		};
		2947D209220152DE00E1219B /* Release */ = {
			isa = XCBuildConfiguration;
			buildSettings = {
				ALWAYS_SEARCH_USER_PATHS = NO;
				CLANG_ANALYZER_NONNULL = YES;
				CLANG_ANALYZER_NUMBER_OBJECT_CONVERSION = YES_AGGRESSIVE;
				CLANG_CXX_LANGUAGE_STANDARD = "gnu++14";
				CLANG_CXX_LIBRARY = "libc++";
				CLANG_ENABLE_MODULES = YES;
				CLANG_ENABLE_OBJC_ARC = YES;
				CLANG_ENABLE_OBJC_WEAK = YES;
				CLANG_WARN_BLOCK_CAPTURE_AUTORELEASING = YES;
				CLANG_WARN_BOOL_CONVERSION = YES;
				CLANG_WARN_COMMA = YES;
				CLANG_WARN_CONSTANT_CONVERSION = YES;
				CLANG_WARN_DEPRECATED_OBJC_IMPLEMENTATIONS = YES;
				CLANG_WARN_DIRECT_OBJC_ISA_USAGE = YES_ERROR;
				CLANG_WARN_DOCUMENTATION_COMMENTS = YES;
				CLANG_WARN_EMPTY_BODY = YES;
				CLANG_WARN_ENUM_CONVERSION = YES;
				CLANG_WARN_INFINITE_RECURSION = YES;
				CLANG_WARN_INT_CONVERSION = YES;
				CLANG_WARN_NON_LITERAL_NULL_CONVERSION = YES;
				CLANG_WARN_OBJC_IMPLICIT_RETAIN_SELF = YES;
				CLANG_WARN_OBJC_LITERAL_CONVERSION = YES;
				CLANG_WARN_OBJC_ROOT_CLASS = YES_ERROR;
				CLANG_WARN_RANGE_LOOP_ANALYSIS = YES;
				CLANG_WARN_STRICT_PROTOTYPES = YES;
				CLANG_WARN_SUSPICIOUS_MOVE = YES;
				CLANG_WARN_UNGUARDED_AVAILABILITY = YES_AGGRESSIVE;
				CLANG_WARN_UNREACHABLE_CODE = YES;
				CLANG_WARN__DUPLICATE_METHOD_MATCH = YES;
				CODE_SIGN_IDENTITY = "iPhone Developer";
				COPY_PHASE_STRIP = NO;
				DEBUG_INFORMATION_FORMAT = "dwarf-with-dsym";
				ENABLE_NS_ASSERTIONS = NO;
				ENABLE_STRICT_OBJC_MSGSEND = YES;
				GCC_C_LANGUAGE_STANDARD = gnu11;
				GCC_NO_COMMON_BLOCKS = YES;
				GCC_WARN_64_TO_32_BIT_CONVERSION = YES;
				GCC_WARN_ABOUT_RETURN_TYPE = YES_ERROR;
				GCC_WARN_UNDECLARED_SELECTOR = YES;
				GCC_WARN_UNINITIALIZED_AUTOS = YES_AGGRESSIVE;
				GCC_WARN_UNUSED_FUNCTION = YES;
				GCC_WARN_UNUSED_VARIABLE = YES;
				IPHONEOS_DEPLOYMENT_TARGET = 11.4;
				MTL_ENABLE_DEBUG_INFO = NO;
				SDKROOT = iphoneos;
				VALIDATE_PRODUCT = YES;
			};
			name = Release;
		};
		2947D20B220152DE00E1219B /* Debug */ = {
			isa = XCBuildConfiguration;
			baseConfigurationReference = 1C66372CB6C00EFEB891BC4D /* Pods-ScrollMap.debug.xcconfig */;
			buildSettings = {
				ASSETCATALOG_COMPILER_APPICON_NAME = AppIcon;
				CODE_SIGN_STYLE = Automatic;
				DEVELOPMENT_TEAM = 8T62R647YX;
				INFOPLIST_FILE = ScrollMap/Info.plist;
				LD_RUNPATH_SEARCH_PATHS = (
					"$(inherited)",
					"@executable_path/Frameworks",
				);
				PRODUCT_BUNDLE_IDENTIFIER = com.YOUQI.YouYouDEMO;
				PRODUCT_NAME = "$(TARGET_NAME)";
				TARGETED_DEVICE_FAMILY = "1,2";
			};
			name = Debug;
		};
		2947D20C220152DE00E1219B /* Release */ = {
			isa = XCBuildConfiguration;
			baseConfigurationReference = 106A7DE84AE037BC1D11F599 /* Pods-ScrollMap.release.xcconfig */;
			buildSettings = {
				ASSETCATALOG_COMPILER_APPICON_NAME = AppIcon;
				CODE_SIGN_STYLE = Automatic;
				DEVELOPMENT_TEAM = 8T62R647YX;
				INFOPLIST_FILE = ScrollMap/Info.plist;
				LD_RUNPATH_SEARCH_PATHS = (
					"$(inherited)",
					"@executable_path/Frameworks",
				);
				PRODUCT_BUNDLE_IDENTIFIER = com.YOUQI.YouYouDEMO;
				PRODUCT_NAME = "$(TARGET_NAME)";
				TARGETED_DEVICE_FAMILY = "1,2";
			};
			name = Release;
		};
		2947D20E220152DE00E1219B /* Debug */ = {
			isa = XCBuildConfiguration;
			buildSettings = {
				BUNDLE_LOADER = "$(TEST_HOST)";
				CODE_SIGN_STYLE = Automatic;
				DEVELOPMENT_TEAM = 8T62R647YX;
				INFOPLIST_FILE = ScrollMapTests/Info.plist;
				LD_RUNPATH_SEARCH_PATHS = (
					"$(inherited)",
					"@executable_path/Frameworks",
					"@loader_path/Frameworks",
				);
				PRODUCT_BUNDLE_IDENTIFIER = youting.ScrollMapTests;
				PRODUCT_NAME = "$(TARGET_NAME)";
				TARGETED_DEVICE_FAMILY = "1,2";
				TEST_HOST = "$(BUILT_PRODUCTS_DIR)/ScrollMap.app/ScrollMap";
			};
			name = Debug;
		};
		2947D20F220152DE00E1219B /* Release */ = {
			isa = XCBuildConfiguration;
			buildSettings = {
				BUNDLE_LOADER = "$(TEST_HOST)";
				CODE_SIGN_STYLE = Automatic;
				DEVELOPMENT_TEAM = 8T62R647YX;
				INFOPLIST_FILE = ScrollMapTests/Info.plist;
				LD_RUNPATH_SEARCH_PATHS = (
					"$(inherited)",
					"@executable_path/Frameworks",
					"@loader_path/Frameworks",
				);
				PRODUCT_BUNDLE_IDENTIFIER = youting.ScrollMapTests;
				PRODUCT_NAME = "$(TARGET_NAME)";
				TARGETED_DEVICE_FAMILY = "1,2";
				TEST_HOST = "$(BUILT_PRODUCTS_DIR)/ScrollMap.app/ScrollMap";
			};
			name = Release;
		};
		2947D211220152DE00E1219B /* Debug */ = {
			isa = XCBuildConfiguration;
			buildSettings = {
				CODE_SIGN_STYLE = Automatic;
				DEVELOPMENT_TEAM = 8T62R647YX;
				INFOPLIST_FILE = ScrollMapUITests/Info.plist;
				LD_RUNPATH_SEARCH_PATHS = (
					"$(inherited)",
					"@executable_path/Frameworks",
					"@loader_path/Frameworks",
				);
				PRODUCT_BUNDLE_IDENTIFIER = youting.ScrollMapUITests;
				PRODUCT_NAME = "$(TARGET_NAME)";
				TARGETED_DEVICE_FAMILY = "1,2";
				TEST_TARGET_NAME = ScrollMap;
			};
			name = Debug;
		};
		2947D212220152DE00E1219B /* Release */ = {
			isa = XCBuildConfiguration;
			buildSettings = {
				CODE_SIGN_STYLE = Automatic;
				DEVELOPMENT_TEAM = 8T62R647YX;
				INFOPLIST_FILE = ScrollMapUITests/Info.plist;
				LD_RUNPATH_SEARCH_PATHS = (
					"$(inherited)",
					"@executable_path/Frameworks",
					"@loader_path/Frameworks",
				);
				PRODUCT_BUNDLE_IDENTIFIER = youting.ScrollMapUITests;
				PRODUCT_NAME = "$(TARGET_NAME)";
				TARGETED_DEVICE_FAMILY = "1,2";
				TEST_TARGET_NAME = ScrollMap;
			};
			name = Release;
		};
/* End XCBuildConfiguration section */

/* Begin XCConfigurationList section */
		2947D1D9220152DC00E1219B /* Build configuration list for PBXProject "ScrollMap" */ = {
			isa = XCConfigurationList;
			buildConfigurations = (
				2947D208220152DE00E1219B /* Debug */,
				2947D209220152DE00E1219B /* Release */,
			);
			defaultConfigurationIsVisible = 0;
			defaultConfigurationName = Release;
		};
		2947D20A220152DE00E1219B /* Build configuration list for PBXNativeTarget "ScrollMap" */ = {
			isa = XCConfigurationList;
			buildConfigurations = (
				2947D20B220152DE00E1219B /* Debug */,
				2947D20C220152DE00E1219B /* Release */,
			);
			defaultConfigurationIsVisible = 0;
			defaultConfigurationName = Release;
		};
		2947D20D220152DE00E1219B /* Build configuration list for PBXNativeTarget "ScrollMapTests" */ = {
			isa = XCConfigurationList;
			buildConfigurations = (
				2947D20E220152DE00E1219B /* Debug */,
				2947D20F220152DE00E1219B /* Release */,
			);
			defaultConfigurationIsVisible = 0;
			defaultConfigurationName = Release;
		};
		2947D210220152DE00E1219B /* Build configuration list for PBXNativeTarget "ScrollMapUITests" */ = {
			isa = XCConfigurationList;
			buildConfigurations = (
				2947D211220152DE00E1219B /* Debug */,
				2947D212220152DE00E1219B /* Release */,
			);
			defaultConfigurationIsVisible = 0;
			defaultConfigurationName = Release;
		};
/* End XCConfigurationList section */
	};
	rootObject = 2947D1D6220152DC00E1219B /* Project object */;
}
